// !$*UTF8*$!
{
	archiveVersion = 1;
	classes = {
	};
	objectVersion = 77;
	objects = {

/* Begin PBXBuildFile section */
		244B8C6E2D62C3E600364D21 /* Inject in Frameworks */ = {isa = PBXBuildFile; productRef = 244B8C6D2D62C3E600364D21 /* Inject */; };
/* End PBXBuildFile section */

/* Begin PBXContainerItemProxy section */
		248F75452D5D642500073946 /* PBXContainerItemProxy */ = {
			isa = PBXContainerItemProxy;
			containerPortal = 248F752B2D5D642300073946 /* Project object */;
			proxyType = 1;
			remoteGlobalIDString = 248F75322D5D642300073946;
			remoteInfo = chronos;
		};
		248F754F2D5D642500073946 /* PBXContainerItemProxy */ = {
			isa = PBXContainerItemProxy;
			containerPortal = 248F752B2D5D642300073946 /* Project object */;
			proxyType = 1;
			remoteGlobalIDString = 248F75322D5D642300073946;
			remoteInfo = chronos;
		};
/* End PBXContainerItemProxy section */

/* Begin PBXFileReference section */
		248F75332D5D642300073946 /* chronos.app */ = {isa = PBXFileReference; explicitFileType = wrapper.application; includeInIndex = 0; path = chronos.app; sourceTree = BUILT_PRODUCTS_DIR; };
		248F75442D5D642500073946 /* chronosTests.xctest */ = {isa = PBXFileReference; explicitFileType = wrapper.cfbundle; includeInIndex = 0; path = chronosTests.xctest; sourceTree = BUILT_PRODUCTS_DIR; };
		248F754E2D5D642500073946 /* chronosUITests.xctest */ = {isa = PBXFileReference; explicitFileType = wrapper.cfbundle; includeInIndex = 0; path = chronosUITests.xctest; sourceTree = BUILT_PRODUCTS_DIR; };
/* End PBXFileReference section */

/* Begin PBXFileSystemSynchronizedRootGroup section */
		248F75352D5D642300073946 /* chronos */ = {
			isa = PBXFileSystemSynchronizedRootGroup;
			path = chronos;
			sourceTree = "<group>";
		};
		248F75472D5D642500073946 /* chronosTests */ = {
			isa = PBXFileSystemSynchronizedRootGroup;
			path = chronosTests;
			sourceTree = "<group>";
		};
		248F75512D5D642500073946 /* chronosUITests */ = {
			isa = PBXFileSystemSynchronizedRootGroup;
			path = chronosUITests;
			sourceTree = "<group>";
		};
/* End PBXFileSystemSynchronizedRootGroup section */

/* Begin PBXFrameworksBuildPhase section */
		248F75302D5D642300073946 /* Frameworks */ = {
			isa = PBXFrameworksBuildPhase;
			buildActionMask = 2147483647;
			files = (
				244B8C6E2D62C3E600364D21 /* Inject in Frameworks */,
			);
			runOnlyForDeploymentPostprocessing = 0;
		};
		248F75412D5D642500073946 /* Frameworks */ = {
			isa = PBXFrameworksBuildPhase;
			buildActionMask = 2147483647;
			files = (
			);
			runOnlyForDeploymentPostprocessing = 0;
		};
		248F754B2D5D642500073946 /* Frameworks */ = {
			isa = PBXFrameworksBuildPhase;
			buildActionMask = 2147483647;
			files = (
			);
			runOnlyForDeploymentPostprocessing = 0;
		};
/* End PBXFrameworksBuildPhase section */

/* Begin PBXGroup section */
		244B8C6C2D62C3E600364D21 /* Frameworks */ = {
			isa = PBXGroup;
			children = (
			);
			name = Frameworks;
			sourceTree = "<group>";
		};
		248F752A2D5D642300073946 = {
			isa = PBXGroup;
			children = (
				248F75352D5D642300073946 /* chronos */,
				248F75472D5D642500073946 /* chronosTests */,
				248F75512D5D642500073946 /* chronosUITests */,
				244B8C6C2D62C3E600364D21 /* Frameworks */,
				248F75342D5D642300073946 /* Products */,
			);
			sourceTree = "<group>";
		};
		248F75342D5D642300073946 /* Products */ = {
			isa = PBXGroup;
			children = (
				248F75332D5D642300073946 /* chronos.app */,
				248F75442D5D642500073946 /* chronosTests.xctest */,
				248F754E2D5D642500073946 /* chronosUITests.xctest */,
			);
			name = Products;
			sourceTree = "<group>";
		};
/* End PBXGroup section */

/* Begin PBXNativeTarget section */
		248F75322D5D642300073946 /* chronos */ = {
			isa = PBXNativeTarget;
			buildConfigurationList = 248F75582D5D642500073946 /* Build configuration list for PBXNativeTarget "chronos" */;
			buildPhases = (
				248F752F2D5D642300073946 /* Sources */,
				248F75302D5D642300073946 /* Frameworks */,
				248F75312D5D642300073946 /* Resources */,
			);
			buildRules = (
			);
			dependencies = (
			);
			fileSystemSynchronizedGroups = (
				248F75352D5D642300073946 /* chronos */,
			);
			name = chronos;
			packageProductDependencies = (
				244B8C6D2D62C3E600364D21 /* Inject */,
			);
			productName = chronos;
			productReference = 248F75332D5D642300073946 /* chronos.app */;
			productType = "com.apple.product-type.application";
		};
		248F75432D5D642500073946 /* chronosTests */ = {
			isa = PBXNativeTarget;
			buildConfigurationList = 248F755B2D5D642500073946 /* Build configuration list for PBXNativeTarget "chronosTests" */;
			buildPhases = (
				248F75402D5D642500073946 /* Sources */,
				248F75412D5D642500073946 /* Frameworks */,
				248F75422D5D642500073946 /* Resources */,
			);
			buildRules = (
			);
			dependencies = (
				248F75462D5D642500073946 /* PBXTargetDependency */,
			);
			fileSystemSynchronizedGroups = (
				248F75472D5D642500073946 /* chronosTests */,
			);
			name = chronosTests;
			packageProductDependencies = (
			);
			productName = chronosTests;
			productReference = 248F75442D5D642500073946 /* chronosTests.xctest */;
			productType = "com.apple.product-type.bundle.unit-test";
		};
		248F754D2D5D642500073946 /* chronosUITests */ = {
			isa = PBXNativeTarget;
			buildConfigurationList = 248F755E2D5D642500073946 /* Build configuration list for PBXNativeTarget "chronosUITests" */;
			buildPhases = (
				248F754A2D5D642500073946 /* Sources */,
				248F754B2D5D642500073946 /* Frameworks */,
				248F754C2D5D642500073946 /* Resources */,
			);
			buildRules = (
			);
			dependencies = (
				248F75502D5D642500073946 /* PBXTargetDependency */,
			);
			fileSystemSynchronizedGroups = (
				248F75512D5D642500073946 /* chronosUITests */,
			);
			name = chronosUITests;
			packageProductDependencies = (
			);
			productName = chronosUITests;
			productReference = 248F754E2D5D642500073946 /* chronosUITests.xctest */;
			productType = "com.apple.product-type.bundle.ui-testing";
		};
/* End PBXNativeTarget section */

/* Begin PBXProject section */
		248F752B2D5D642300073946 /* Project object */ = {
			isa = PBXProject;
			attributes = {
				BuildIndependentTargetsInParallel = 1;
				LastSwiftUpdateCheck = 1620;
				LastUpgradeCheck = 1620;
				TargetAttributes = {
					248F75322D5D642300073946 = {
						CreatedOnToolsVersion = 16.2;
					};
					248F75432D5D642500073946 = {
						CreatedOnToolsVersion = 16.2;
						TestTargetID = 248F75322D5D642300073946;
					};
					248F754D2D5D642500073946 = {
						CreatedOnToolsVersion = 16.2;
						TestTargetID = 248F75322D5D642300073946;
					};
				};
			};
			buildConfigurationList = 248F752E2D5D642300073946 /* Build configuration list for PBXProject "chronos" */;
			developmentRegion = en;
			hasScannedForEncodings = 0;
			knownRegions = (
				en,
				Base,
			);
			mainGroup = 248F752A2D5D642300073946;
			minimizedProjectReferenceProxies = 1;
			packageReferences = (
				244B8C6B2D62BC3400364D21 /* XCRemoteSwiftPackageReference "Inject" */,
			);
			preferredProjectObjectVersion = 77;
			productRefGroup = 248F75342D5D642300073946 /* Products */;
			projectDirPath = "";
			projectRoot = "";
			targets = (
				248F75322D5D642300073946 /* chronos */,
				248F75432D5D642500073946 /* chronosTests */,
				248F754D2D5D642500073946 /* chronosUITests */,
			);
		};
/* End PBXProject section */

/* Begin PBXResourcesBuildPhase section */
		248F75312D5D642300073946 /* Resources */ = {
			isa = PBXResourcesBuildPhase;
			buildActionMask = 2147483647;
			files = (
			);
			runOnlyForDeploymentPostprocessing = 0;
		};
		248F75422D5D642500073946 /* Resources */ = {
			isa = PBXResourcesBuildPhase;
			buildActionMask = 2147483647;
			files = (
			);
			runOnlyForDeploymentPostprocessing = 0;
		};
		248F754C2D5D642500073946 /* Resources */ = {
			isa = PBXResourcesBuildPhase;
			buildActionMask = 2147483647;
			files = (
			);
			runOnlyForDeploymentPostprocessing = 0;
		};
/* End PBXResourcesBuildPhase section */

/* Begin PBXSourcesBuildPhase section */
		248F752F2D5D642300073946 /* Sources */ = {
			isa = PBXSourcesBuildPhase;
			buildActionMask = 2147483647;
			files = (
			);
			runOnlyForDeploymentPostprocessing = 0;
		};
		248F75402D5D642500073946 /* Sources */ = {
			isa = PBXSourcesBuildPhase;
			buildActionMask = 2147483647;
			files = (
			);
			runOnlyForDeploymentPostprocessing = 0;
		};
		248F754A2D5D642500073946 /* Sources */ = {
			isa = PBXSourcesBuildPhase;
			buildActionMask = 2147483647;
			files = (
			);
			runOnlyForDeploymentPostprocessing = 0;
		};
/* End PBXSourcesBuildPhase section */

/* Begin PBXTargetDependency section */
		248F75462D5D642500073946 /* PBXTargetDependency */ = {
			isa = PBXTargetDependency;
			target = 248F75322D5D642300073946 /* chronos */;
			targetProxy = 248F75452D5D642500073946 /* PBXContainerItemProxy */;
		};
		248F75502D5D642500073946 /* PBXTargetDependency */ = {
			isa = PBXTargetDependency;
			target = 248F75322D5D642300073946 /* chronos */;
			targetProxy = 248F754F2D5D642500073946 /* PBXContainerItemProxy */;
		};
/* End PBXTargetDependency section */

/* Begin XCBuildConfiguration section */
		248F75562D5D642500073946 /* Debug */ = {
			isa = XCBuildConfiguration;
			buildSettings = {
				ALWAYS_SEARCH_USER_PATHS = NO;
				ASSETCATALOG_COMPILER_GENERATE_SWIFT_ASSET_SYMBOL_EXTENSIONS = YES;
				CLANG_ANALYZER_NONNULL = YES;
				CLANG_ANALYZER_NUMBER_OBJECT_CONVERSION = YES_AGGRESSIVE;
				CLANG_CXX_LANGUAGE_STANDARD = "gnu++20";
				CLANG_ENABLE_MODULES = YES;
				CLANG_ENABLE_OBJC_ARC = YES;
				CLANG_ENABLE_OBJC_WEAK = YES;
				CLANG_WARN_BLOCK_CAPTURE_AUTORELEASING = YES;
				CLANG_WARN_BOOL_CONVERSION = YES;
				CLANG_WARN_COMMA = YES;
				CLANG_WARN_CONSTANT_CONVERSION = YES;
				CLANG_WARN_DEPRECATED_OBJC_IMPLEMENTATIONS = YES;
				CLANG_WARN_DIRECT_OBJC_ISA_USAGE = YES_ERROR;
				CLANG_WARN_DOCUMENTATION_COMMENTS = YES;
				CLANG_WARN_EMPTY_BODY = YES;
				CLANG_WARN_ENUM_CONVERSION = YES;
				CLANG_WARN_INFINITE_RECURSION = YES;
				CLANG_WARN_INT_CONVERSION = YES;
				CLANG_WARN_NON_LITERAL_NULL_CONVERSION = YES;
				CLANG_WARN_OBJC_IMPLICIT_RETAIN_SELF = YES;
				CLANG_WARN_OBJC_LITERAL_CONVERSION = YES;
				CLANG_WARN_OBJC_ROOT_CLASS = YES_ERROR;
				CLANG_WARN_QUOTED_INCLUDE_IN_FRAMEWORK_HEADER = YES;
				CLANG_WARN_RANGE_LOOP_ANALYSIS = YES;
				CLANG_WARN_STRICT_PROTOTYPES = YES;
				CLANG_WARN_SUSPICIOUS_MOVE = YES;
				CLANG_WARN_UNGUARDED_AVAILABILITY = YES_AGGRESSIVE;
				CLANG_WARN_UNREACHABLE_CODE = YES;
				CLANG_WARN__DUPLICATE_METHOD_MATCH = YES;
				COPY_PHASE_STRIP = NO;
				DEBUG_INFORMATION_FORMAT = dwarf;
				ENABLE_STRICT_OBJC_MSGSEND = YES;
				ENABLE_TESTABILITY = YES;
				GCC_C_LANGUAGE_STANDARD = gnu17;
				GCC_DYNAMIC_NO_PIC = NO;
				GCC_NO_COMMON_BLOCKS = YES;
				GCC_OPTIMIZATION_LEVEL = 0;
				GCC_PREPROCESSOR_DEFINITIONS = (
					"DEBUG=1",
					"$(inherited)",
				);
				GCC_WARN_64_TO_32_BIT_CONVERSION = YES;
				GCC_WARN_ABOUT_RETURN_TYPE = YES_ERROR;
				GCC_WARN_UNDECLARED_SELECTOR = YES;
				GCC_WARN_UNINITIALIZED_AUTOS = YES_AGGRESSIVE;
				GCC_WARN_UNUSED_FUNCTION = YES;
				GCC_WARN_UNUSED_VARIABLE = YES;
				LOCALIZATION_PREFERS_STRING_CATALOGS = YES;
				MACOSX_DEPLOYMENT_TARGET = 15.2;
				MTL_ENABLE_DEBUG_INFO = INCLUDE_SOURCE;
				MTL_FAST_MATH = YES;
				ONLY_ACTIVE_ARCH = YES;
				SDKROOT = macosx;
				SWIFT_ACTIVE_COMPILATION_CONDITIONS = "DEBUG $(inherited)";
				SWIFT_OPTIMIZATION_LEVEL = "-Onone";
			};
			name = Debug;
		};
		248F75572D5D642500073946 /* Release */ = {
			isa = XCBuildConfiguration;
			buildSettings = {
				ALWAYS_SEARCH_USER_PATHS = NO;
				ASSETCATALOG_COMPILER_GENERATE_SWIFT_ASSET_SYMBOL_EXTENSIONS = YES;
				CLANG_ANALYZER_NONNULL = YES;
				CLANG_ANALYZER_NUMBER_OBJECT_CONVERSION = YES_AGGRESSIVE;
				CLANG_CXX_LANGUAGE_STANDARD = "gnu++20";
				CLANG_ENABLE_MODULES = YES;
				CLANG_ENABLE_OBJC_ARC = YES;
				CLANG_ENABLE_OBJC_WEAK = YES;
				CLANG_WARN_BLOCK_CAPTURE_AUTORELEASING = YES;
				CLANG_WARN_BOOL_CONVERSION = YES;
				CLANG_WARN_COMMA = YES;
				CLANG_WARN_CONSTANT_CONVERSION = YES;
				CLANG_WARN_DEPRECATED_OBJC_IMPLEMENTATIONS = YES;
				CLANG_WARN_DIRECT_OBJC_ISA_USAGE = YES_ERROR;
				CLANG_WARN_DOCUMENTATION_COMMENTS = YES;
				CLANG_WARN_EMPTY_BODY = YES;
				CLANG_WARN_ENUM_CONVERSION = YES;
				CLANG_WARN_INFINITE_RECURSION = YES;
				CLANG_WARN_INT_CONVERSION = YES;
				CLANG_WARN_NON_LITERAL_NULL_CONVERSION = YES;
				CLANG_WARN_OBJC_IMPLICIT_RETAIN_SELF = YES;
				CLANG_WARN_OBJC_LITERAL_CONVERSION = YES;
				CLANG_WARN_OBJC_ROOT_CLASS = YES_ERROR;
				CLANG_WARN_QUOTED_INCLUDE_IN_FRAMEWORK_HEADER = YES;
				CLANG_WARN_RANGE_LOOP_ANALYSIS = YES;
				CLANG_WARN_STRICT_PROTOTYPES = YES;
				CLANG_WARN_SUSPICIOUS_MOVE = YES;
				CLANG_WARN_UNGUARDED_AVAILABILITY = YES_AGGRESSIVE;
				CLANG_WARN_UNREACHABLE_CODE = YES;
				CLANG_WARN__DUPLICATE_METHOD_MATCH = YES;
				COPY_PHASE_STRIP = NO;
				DEBUG_INFORMATION_FORMAT = "dwarf-with-dsym";
				ENABLE_NS_ASSERTIONS = NO;
				ENABLE_STRICT_OBJC_MSGSEND = YES;
				GCC_C_LANGUAGE_STANDARD = gnu17;
				GCC_NO_COMMON_BLOCKS = YES;
				GCC_WARN_64_TO_32_BIT_CONVERSION = YES;
				GCC_WARN_ABOUT_RETURN_TYPE = YES_ERROR;
				GCC_WARN_UNDECLARED_SELECTOR = YES;
				GCC_WARN_UNINITIALIZED_AUTOS = YES_AGGRESSIVE;
				GCC_WARN_UNUSED_FUNCTION = YES;
				GCC_WARN_UNUSED_VARIABLE = YES;
				LOCALIZATION_PREFERS_STRING_CATALOGS = YES;
				MACOSX_DEPLOYMENT_TARGET = 15.2;
				MTL_ENABLE_DEBUG_INFO = NO;
				MTL_FAST_MATH = YES;
				SDKROOT = macosx;
				SWIFT_COMPILATION_MODE = wholemodule;
			};
			name = Release;
		};
		248F75592D5D642500073946 /* Debug */ = {
			isa = XCBuildConfiguration;
			buildSettings = {
				ASSETCATALOG_COMPILER_APPICON_NAME = AppIcon;
				ASSETCATALOG_COMPILER_GLOBAL_ACCENT_COLOR_NAME = AccentColor;
				CODE_SIGN_ENTITLEMENTS = chronos/chronos.entitlements;
				CODE_SIGN_STYLE = Automatic;
				COMBINE_HIDPI_IMAGES = YES;
				CURRENT_PROJECT_VERSION = 1;
				DEVELOPMENT_ASSET_PATHS = "\"chronos/Preview Content\"";
				ENABLE_PREVIEWS = YES;
				GENERATE_INFOPLIST_FILE = YES;
				INFOPLIST_KEY_NSHumanReadableCopyright = "";
				LD_RUNPATH_SEARCH_PATHS = (
					"$(inherited)",
					"@executable_path/../Frameworks",
					"-Xlinker",
					"-interposable",
				);
				MARKETING_VERSION = 1.0;
                OTHER_LDFLAGS = (
                    "-Xlinker",
                    "-interposable",
                );
				MTL_ENABLE_DEBUG_INFO = INCLUDE_SOURCE;
				PRODUCT_BUNDLE_IDENTIFIER = pro.chronos;
				PRODUCT_NAME = "$(TARGET_NAME)";
				SWIFT_EMIT_LOC_STRINGS = YES;
				SWIFT_VERSION = 5.0;
			};
			name = Debug;
		};
		248F755A2D5D642500073946 /* Release */ = {
			isa = XCBuildConfiguration;
			buildSettings = {
				ASSETCATALOG_COMPILER_APPICON_NAME = AppIcon;
				ASSETCATALOG_COMPILER_GLOBAL_ACCENT_COLOR_NAME = AccentColor;
				CODE_SIGN_ENTITLEMENTS = chronos/chronos.entitlements;
				CODE_SIGN_STYLE = Automatic;
				COMBINE_HIDPI_IMAGES = YES;
				CURRENT_PROJECT_VERSION = 1;
				DEVELOPMENT_ASSET_PATHS = "\"chronos/Preview Content\"";
				ENABLE_PREVIEWS = YES;
				GENERATE_INFOPLIST_FILE = YES;
				INFOPLIST_KEY_NSHumanReadableCopyright = "";
				LD_RUNPATH_SEARCH_PATHS = (
					"$(inherited)",
					"@executable_path/../Frameworks",
				);
				MARKETING_VERSION = 1.0;
				PRODUCT_BUNDLE_IDENTIFIER = pro.chronos;
				PRODUCT_NAME = "$(TARGET_NAME)";
				SWIFT_EMIT_LOC_STRINGS = YES;
				SWIFT_VERSION = 5.0;
			};
			name = Release;
		};
		248F755C2D5D642500073946 /* Debug */ = {
			isa = XCBuildConfiguration;
			buildSettings = {
				BUNDLE_LOADER = "$(TEST_HOST)";
				CODE_SIGN_STYLE = Automatic;
				CURRENT_PROJECT_VERSION = 1;
				GENERATE_INFOPLIST_FILE = YES;
				MACOSX_DEPLOYMENT_TARGET = 15.2;
				MARKETING_VERSION = 1.0;
				PRODUCT_BUNDLE_IDENTIFIER = pro.chronosTests;
				PRODUCT_NAME = "$(TARGET_NAME)";
				SWIFT_EMIT_LOC_STRINGS = NO;
				SWIFT_VERSION = 5.0;
				TEST_HOST = "$(BUILT_PRODUCTS_DIR)/chronos.app/$(BUNDLE_EXECUTABLE_FOLDER_PATH)/chronos";
			};
			name = Debug;
		};
		248F755D2D5D642500073946 /* Release */ = {
			isa = XCBuildConfiguration;
			buildSettings = {
				BUNDLE_LOADER = "$(TEST_HOST)";
				CODE_SIGN_STYLE = Automatic;
				CURRENT_PROJECT_VERSION = 1;
				GENERATE_INFOPLIST_FILE = YES;
				MACOSX_DEPLOYMENT_TARGET = 15.2;
				MARKETING_VERSION = 1.0;
				PRODUCT_BUNDLE_IDENTIFIER = pro.chronosTests;
				PRODUCT_NAME = "$(TARGET_NAME)";
				SWIFT_EMIT_LOC_STRINGS = NO;
				SWIFT_VERSION = 5.0;
				TEST_HOST = "$(BUILT_PRODUCTS_DIR)/chronos.app/$(BUNDLE_EXECUTABLE_FOLDER_PATH)/chronos";
			};
			name = Release;
		};
		248F755F2D5D642500073946 /* Debug */ = {
			isa = XCBuildConfiguration;
			buildSettings = {
				CODE_SIGN_STYLE = Automatic;
				CURRENT_PROJECT_VERSION = 1;
				GENERATE_INFOPLIST_FILE = YES;
				MARKETING_VERSION = 1.0;
				PRODUCT_BUNDLE_IDENTIFIER = pro.chronosUITests;
				PRODUCT_NAME = "$(TARGET_NAME)";
				SWIFT_EMIT_LOC_STRINGS = NO;
				SWIFT_VERSION = 5.0;
				TEST_TARGET_NAME = chronos;
			};
			name = Debug;
		};
		248F75602D5D642500073946 /* Release */ = {
			isa = XCBuildConfiguration;
			buildSettings = {
				CODE_SIGN_STYLE = Automatic;
				CURRENT_PROJECT_VERSION = 1;
				GENERATE_INFOPLIST_FILE = YES;
				MARKETING_VERSION = 1.0;
				PRODUCT_BUNDLE_IDENTIFIER = pro.chronosUITests;
				PRODUCT_NAME = "$(TARGET_NAME)";
				SWIFT_EMIT_LOC_STRINGS = NO;
				SWIFT_VERSION = 5.0;
				TEST_TARGET_NAME = chronos;
			};
			name = Release;
		};
/* End XCBuildConfiguration section */

/* Begin XCConfigurationList section */
		248F752E2D5D642300073946 /* Build configuration list for PBXProject "chronos" */ = {
			isa = XCConfigurationList;
			buildConfigurations = (
				248F75562D5D642500073946 /* Debug */,
				248F75572D5D642500073946 /* Release */,
			);
			defaultConfigurationIsVisible = 0;
			defaultConfigurationName = Release;
		};
		248F75582D5D642500073946 /* Build configuration list for PBXNativeTarget "chronos" */ = {
			isa = XCConfigurationList;
			buildConfigurations = (
				248F75592D5D642500073946 /* Debug */,
				248F755A2D5D642500073946 /* Release */,
			);
			defaultConfigurationIsVisible = 0;
			defaultConfigurationName = Release;
		};
		248F755B2D5D642500073946 /* Build configuration list for PBXNativeTarget "chronosTests" */ = {
			isa = XCConfigurationList;
			buildConfigurations = (
				248F755C2D5D642500073946 /* Debug */,
				248F755D2D5D642500073946 /* Release */,
			);
			defaultConfigurationIsVisible = 0;
			defaultConfigurationName = Release;
		};
		248F755E2D5D642500073946 /* Build configuration list for PBXNativeTarget "chronosUITests" */ = {
			isa = XCConfigurationList;
			buildConfigurations = (
				248F755F2D5D642500073946 /* Debug */,
				248F75602D5D642500073946 /* Release */,
			);
			defaultConfigurationIsVisible = 0;
			defaultConfigurationName = Release;
		};
/* End XCConfigurationList section */

/* Begin XCRemoteSwiftPackageReference section */
		244B8C6B2D62BC3400364D21 /* XCRemoteSwiftPackageReference "Inject" */ = {
			isa = XCRemoteSwiftPackageReference;
			repositoryURL = "https://github.com/krzysztofzablocki/Inject.git";
			requirement = {
				kind = upToNextMajorVersion;
				minimumVersion = 1.5.2;
			};
		};
/* End XCRemoteSwiftPackageReference section */

/* Begin XCSwiftPackageProductDependency section */
		244B8C6D2D62C3E600364D21 /* Inject */ = {
			isa = XCSwiftPackageProductDependency;
			package = 244B8C6B2D62BC3400364D21 /* XCRemoteSwiftPackageReference "Inject" */;
			productName = Inject;
		};
/* End XCSwiftPackageProductDependency section */
	};
	rootObject = 248F752B2D5D642300073946 /* Project object */;
}
